<?xml version="1.0" encoding="utf-8"?>
<Project ToolsVersion="4.0" xmlns="http://schemas.microsoft.com/developer/msbuild/2003">
  <ItemGroup>
    <Filter Include="src">
      <UniqueIdentifier>{4FC737F1-C7A5-4376-A066-2A32D752A2FF}</UniqueIdentifier>
      <Extensions>cpp;c;cc;cxx;c++;cppm;ixx;def;odl;idl;hpj;bat;asm;asmx</Extensions>
    </Filter>
    <Filter Include="src\generators">
      <UniqueIdentifier>{c1fc6f77-55b8-4177-a088-ac893973e76f}</UniqueIdentifier>
    </Filter>
    <Filter Include="src\methods">
      <UniqueIdentifier>{5c2e5626-1754-4538-b010-e6d1e5c3b78d}</UniqueIdentifier>
    </Filter>
  </ItemGroup>
  <ItemGroup>
    <ClCompile Include="MyForm.cpp">
      <Filter>src</Filter>
    </ClCompile>
    <ClCompile Include="Generator.cpp">
      <Filter>src\generators</Filter>
    </ClCompile>
    <ClCompile Include="midSquareMethod.cpp">
      <Filter>src\methods</Filter>
    </ClCompile>
    <ClCompile Include="ParkMillerGenerator.cpp">
      <Filter>src\methods</Filter>
    </ClCompile>
  </ItemGroup>
  <ItemGroup>
    <ClInclude Include="MyForm.h">
      <Filter>src</Filter>
    </ClInclude>
    <ClInclude Include="Generator.h">
      <Filter>src\generators</Filter>
    </ClInclude>
    <ClInclude Include="midSquareMethod.h">
      <Filter>src\methods</Filter>
    </ClInclude>
    <ClInclude Include="ParkMillerGenerator.h">
      <Filter>src\methods</Filter>
    </ClInclude>
  </ItemGroup>
</Project>